
Microsoft Visual Studio Solution File, Format Version 12.00
# Visual Studio 15
VisualStudioVersion = 15.0.28307.421
MinimumVisualStudioVersion = 10.0.40219.1
Project("{8BC9CEB8-8B4A-11D0-8D11-00A0C91BC942}") = "nndimmer", "nndimmer.vcxproj", "{B56483B6-DDB3-4CCB-A83B-E5AB3E5C89EA}"
EndProject
Project("{8BC9CEB8-8B4A-11D0-8D11-00A0C91BC942}") = "wakerdimmer", "..\wakerdimmer\wakerdimmer.vcxproj", "{975BEA77-1E46-418E-B9C7-3CE803E5720F}"
EndProject
Project("{8BC9CEB8-8B4A-11D0-8D11-00A0C91BC942}") = "SCoopME", "..\libraries\SCoopME\SCoopME.vcxitems", "{7340A998-12CC-4D77-995D-D08B0C64A922}"
EndProject
Project("{8BC9CEB8-8B4A-11D0-8D11-00A0C91BC942}") = "Chrono-master", "..\libraries\Chrono-master\Chrono-master.vcxitems", "{88E3AD6D-6174-4878-A4E7-07C1A976B876}"
EndProject
Project("{8BC9CEB8-8B4A-11D0-8D11-00A0C91BC942}") = "SCoop", "..\libraries\SCoop\SCoop.vcxitems", "{AD574F72-EDC6-420F-8C63-02CA1C35F8D0}"
EndProject
Project("{8BC9CEB8-8B4A-11D0-8D11-00A0C91BC942}") = "SCoop-fix_scoop_compil", "..\libraries\SCoop-fix_scoop_compil\SCoop-fix_scoop_compil.vcxitems", "{02B005A5-D37B-470D-A301-DBEA6578325E}"
EndProject
Project("{8BC9CEB8-8B4A-11D0-8D11-00A0C91BC942}") = "ds3231-master", "..\libraries\ds3231-master\ds3231-master.vcxitems", "{BBA0E575-0AD4-4DCE-9637-DE579339BD51}"
EndProject
Project("{8BC9CEB8-8B4A-11D0-8D11-00A0C91BC942}") = "DS3231", "..\libraries\DS3231\DS3231.vcxitems", "{105DC85C-BB81-44E2-B6F7-766C3F8AB2D4}"
EndProject
Project("{8BC9CEB8-8B4A-11D0-8D11-00A0C91BC942}") = "MsTimer2-master", "..\libraries\MsTimer2-master\MsTimer2-master.vcxitems", "{B53AF2D3-22CA-4F42-8051-D7F9C6725BF5}"
EndProject
Project("{8BC9CEB8-8B4A-11D0-8D11-00A0C91BC942}") = "linerDImmer", "..\linerDImmer\linerDImmer.vcxproj", "{C5F80730-F44F-4478-BDAE-6634EFC2CA88}"
EndProject
Global
	GlobalSection(SolutionConfigurationPlatforms) = preSolution
		Debug|x86 = Debug|x86
		Release|x86 = Release|x86
	EndGlobalSection
	GlobalSection(ProjectConfigurationPlatforms) = postSolution
		{B56483B6-DDB3-4CCB-A83B-E5AB3E5C89EA}.Debug|x86.ActiveCfg = Debug|Win32
		{B56483B6-DDB3-4CCB-A83B-E5AB3E5C89EA}.Debug|x86.Build.0 = Debug|Win32
		{B56483B6-DDB3-4CCB-A83B-E5AB3E5C89EA}.Release|x86.ActiveCfg = Release|Win32
		{B56483B6-DDB3-4CCB-A83B-E5AB3E5C89EA}.Release|x86.Build.0 = Release|Win32
		{975BEA77-1E46-418E-B9C7-3CE803E5720F}.Debug|x86.ActiveCfg = Debug|Win32
		{975BEA77-1E46-418E-B9C7-3CE803E5720F}.Debug|x86.Build.0 = Debug|Win32
		{975BEA77-1E46-418E-B9C7-3CE803E5720F}.Release|x86.ActiveCfg = Release|Win32
		{975BEA77-1E46-418E-B9C7-3CE803E5720F}.Release|x86.Build.0 = Release|Win32
		{C5F80730-F44F-4478-BDAE-6634EFC2CA88}.Debug|x86.ActiveCfg = Debug|Win32
		{C5F80730-F44F-4478-BDAE-6634EFC2CA88}.Debug|x86.Build.0 = Debug|Win32
		{C5F80730-F44F-4478-BDAE-6634EFC2CA88}.Release|x86.ActiveCfg = Release|Win32
		{C5F80730-F44F-4478-BDAE-6634EFC2CA88}.Release|x86.Build.0 = Release|Win32
	EndGlobalSection
	GlobalSection(SolutionProperties) = preSolution
		HideSolutionNode = FALSE
	EndGlobalSection
	GlobalSection(ExtensibilityGlobals) = postSolution
		SolutionGuid = {BAADEDEF-5563-4F58-A181-48E6C7689BC1}
	EndGlobalSection
EndGlobal
